<?xml version="1.0" encoding="utf-8"?>
<Project ToolsVersion="4.0" xmlns="http://schemas.microsoft.com/developer/msbuild/2003">
  <ItemGroup>
    <Filter Include="platforms">
      <UniqueIdentifier>{d5bb69b5-336f-4f06-abac-a77bd894f396}</UniqueIdentifier>
    </Filter>
    <Filter Include="aux">
      <UniqueIdentifier>{0a920311-d0b0-4bf9-864e-de8da0a390ad}</UniqueIdentifier>
    </Filter>
    <Filter Include="proto-studio">
      <UniqueIdentifier>{2651600c-05a3-44bb-afe3-bbed7b805100}</UniqueIdentifier>
    </Filter>
    <Filter Include="gui">
      <UniqueIdentifier>{ffe1ee67-dd58-41d5-8e70-254587c0dd47}</UniqueIdentifier>
    </Filter>
    <Filter Include="doc">
      <UniqueIdentifier>{765ef79c-b72a-4dd0-86dd-5928e70e6197}</UniqueIdentifier>
    </Filter>
    <Filter Include="proto">
      <UniqueIdentifier>{7f2c9289-c202-441a-9c5b-ea34500b3352}</UniqueIdentifier>
    </Filter>
    <Filter Include="data">
      <UniqueIdentifier>{22297187-e464-404d-ad0c-e099a2db51ff}</UniqueIdentifier>
    </Filter>
  </ItemGroup>
  <ItemGroup>
    <ClInclude Include="library\cpp\platforms\microsoft_windows.h">
      <Filter>platforms</Filter>
    </ClInclude>
    <ClInclude Include="library\cpp\platforms\microsoft_windows_fonts.h">
      <Filter>platforms</Filter>
    </ClInclude>
    <ClInclude Include="library\cpp\platforms\microsoft_windows_windows.h">
      <Filter>platforms</Filter>
    </ClInclude>
    <ClInclude Include="library\cpp\proto-studio\ide.h">
      <Filter>proto-studio</Filter>
    </ClInclude>
    <ClInclude Include="library\cpp\proto-studio\ide_console.h">
      <Filter>proto-studio</Filter>
    </ClInclude>
    <ClInclude Include="library\cpp\proto-studio\ide_editor.h">
      <Filter>proto-studio</Filter>
    </ClInclude>
    <ClInclude Include="library\cpp\proto-studio\ide_flist.h">
      <Filter>proto-studio</Filter>
    </ClInclude>
    <ClInclude Include="library\cpp\proto-studio\test.h">
      <Filter>proto-studio</Filter>
    </ClInclude>
    <ClInclude Include="library\cpp\proto-studio\test_fonts.h">
      <Filter>proto-studio</Filter>
    </ClInclude>
    <ClInclude Include="library\cpp\proto-studio\test_pix.h">
      <Filter>proto-studio</Filter>
    </ClInclude>
    <ClInclude Include="library\cpp\platforms\microsoft_windows_images.h">
      <Filter>platforms</Filter>
    </ClInclude>
    <ClInclude Include="library\cpp\proto-studio\gui_colors.h">
      <Filter>gui</Filter>
    </ClInclude>
    <ClInclude Include="library\cpp\proto-studio\gui_effect.h">
      <Filter>gui</Filter>
    </ClInclude>
    <ClInclude Include="library\cpp\proto-studio\gui_widget.h">
      <Filter>gui</Filter>
    </ClInclude>
    <ClInclude Include="library\cpp\proto-studio\gui_widget_button.h">
      <Filter>gui</Filter>
    </ClInclude>
    <ClInclude Include="library\cpp\proto-studio\gui_widget_canvas.h">
      <Filter>gui</Filter>
    </ClInclude>
    <ClInclude Include="library\cpp\proto-studio\gui_widget_image.h">
      <Filter>gui</Filter>
    </ClInclude>
    <ClInclude Include="library\cpp\proto-studio\gui_widget_scroller.h">
      <Filter>gui</Filter>
    </ClInclude>
    <ClInclude Include="library\cpp\proto-studio\gui_widget_splitter.h">
      <Filter>gui</Filter>
    </ClInclude>
    <ClInclude Include="library\cpp\proto-studio\gui_widget_text_model.h">
      <Filter>gui</Filter>
    </ClInclude>
    <ClInclude Include="library\cpp\proto-studio\gui_widget_text_editor.h">
      <Filter>gui</Filter>
    </ClInclude>
    <ClInclude Include="library\cpp\proto-studio\gui_widget_text_page.h">
      <Filter>gui</Filter>
    </ClInclude>
    <ClInclude Include="library\cpp\proto-studio\gui_widget_text_view.h">
      <Filter>gui</Filter>
    </ClInclude>
    <ClInclude Include="library\cpp\proto-studio\gui_widgetarium.h">
      <Filter>gui</Filter>
    </ClInclude>
    <ClInclude Include="library\cpp\proto-studio\gui_window.h">
      <Filter>gui</Filter>
    </ClInclude>
    <ClInclude Include="library\cpp\proto-studio\gui_widget_list1D.h">
      <Filter>gui</Filter>
    </ClInclude>
    <ClInclude Include="library\cpp\proto-studio\gui_widget_list2D.h">
      <Filter>gui</Filter>
    </ClInclude>
    <ClInclude Include="library\cpp\proto-studio\gui_widget_text_lineditor.h">
      <Filter>gui</Filter>
    </ClInclude>
    <ClInclude Include="library\cpp\proto-studio\gui_widget_text_aux.h">
      <Filter>gui</Filter>
    </ClInclude>
    <ClInclude Include="library\cpp\proto-studio\gui_widget_text_column.h">
      <Filter>gui</Filter>
    </ClInclude>
    <ClInclude Include="library\cpp\proto-studio\gui_widget_text_console.h">
      <Filter>gui</Filter>
    </ClInclude>
    <ClInclude Include="library\cpp\proto-studio\doc.h">
      <Filter>doc</Filter>
    </ClInclude>
    <ClInclude Include="library\cpp\proto-studio\doc_ae_lexica.h">
      <Filter>doc</Filter>
    </ClInclude>
    <ClInclude Include="library\cpp\proto-studio\doc_cpp_lexica.h">
      <Filter>doc</Filter>
    </ClInclude>
    <ClInclude Include="library\cpp\proto-studio\doc_html_lexica.h">
      <Filter>doc</Filter>
    </ClInclude>
    <ClInclude Include="library\cpp\proto-studio\doc_html_syntax.h">
      <Filter>doc</Filter>
    </ClInclude>
    <ClInclude Include="library\cpp\proto-studio\doc_text_lexica.h">
      <Filter>doc</Filter>
    </ClInclude>
    <ClInclude Include="library\cpp\proto-studio\doc_ae_syntax.h">
      <Filter>doc</Filter>
    </ClInclude>
    <ClInclude Include="library\cpp\proto-studio\doc_cpp_syntax.h">
      <Filter>doc</Filter>
    </ClInclude>
    <ClInclude Include="library\cpp\proto-studio\doc_cpp_preprocessor.h">
      <Filter>doc</Filter>
    </ClInclude>
    <ClInclude Include="library\cpp\proto-studio\doc_ae_synthesis.h">
      <Filter>doc</Filter>
    </ClInclude>
    <ClInclude Include="library\cpp\proto-studio\doc_text_model.h">
      <Filter>doc</Filter>
    </ClInclude>
    <ClInclude Include="library\cpp\proto-studio\doc_ae_syntax_schema.h">
      <Filter>doc</Filter>
    </ClInclude>
    <ClInclude Include="library\cpp\proto-studio\doc_ae_syntax_scopes.h">
      <Filter>doc</Filter>
    </ClInclude>
    <ClInclude Include="library\cpp\proto-studio\doc_ae_syntax_analysis.h">
      <Filter>doc</Filter>
    </ClInclude>
    <ClInclude Include="library\cpp\proto-studio\doc_ae_syntax_parser.h">
      <Filter>doc</Filter>
    </ClInclude>
    <ClInclude Include="library\cpp\proto-studio\ide_compiler.h">
      <Filter>proto-studio</Filter>
    </ClInclude>
    <ClInclude Include="library\cpp\proto-studio\doc_text_repo.h">
      <Filter>doc</Filter>
    </ClInclude>
    <ClInclude Include="library\cpp\proto-studio\doc_ae_synthesis_print.h">
      <Filter>doc</Filter>
    </ClInclude>
    <ClInclude Include="library\cpp\proto-studio\doc_ae_syntax_scheme.h">
      <Filter>doc</Filter>
    </ClInclude>
    <ClInclude Include="library\cpp\proto-studio\doc_ae_syntax_analysis_1.h">
      <Filter>doc</Filter>
    </ClInclude>
    <ClInclude Include="library\cpp\proto-studio\doc_ae_syntax_analysis_2.h">
      <Filter>doc</Filter>
    </ClInclude>
    <ClInclude Include="proto-studio\test_data.h">
      <Filter>proto</Filter>
    </ClInclude>
    <ClInclude Include="proto-studio\windows_aux.h">
      <Filter>proto</Filter>
    </ClInclude>
    <ClInclude Include="proto-studio\windows_fonts.h">
      <Filter>proto</Filter>
    </ClInclude>
    <ClInclude Include="proto-studio\windows_images.h">
      <Filter>proto</Filter>
    </ClInclude>
    <ClInclude Include="proto-studio\windows_system.h">
      <Filter>proto</Filter>
    </ClInclude>
    <ClInclude Include="proto-studio\windows_windows.h">
      <Filter>proto</Filter>
    </ClInclude>
    <ClInclude Include="proto-studio\pix_color.h">
      <Filter>proto</Filter>
    </ClInclude>
    <ClInclude Include="proto-studio\pix_coord.h">
      <Filter>proto</Filter>
    </ClInclude>
    <ClInclude Include="proto-studio\pix_image.h">
      <Filter>proto</Filter>
    </ClInclude>
    <ClInclude Include="proto-studio\pix_text.h">
      <Filter>proto</Filter>
    </ClInclude>
    <ClInclude Include="proto-studio\sys_aux.h">
      <Filter>proto</Filter>
    </ClInclude>
    <ClInclude Include="proto-studio\sys_ui.h">
      <Filter>proto</Filter>
    </ClInclude>
    <ClInclude Include="proto-studio\app_ide.h">
      <Filter>proto</Filter>
    </ClInclude>
    <ClInclude Include="proto-studio\gui_widget.h">
      <Filter>proto</Filter>
    </ClInclude>
    <ClInclude Include="proto-studio\gui_widget_canvas.h">
      <Filter>proto</Filter>
    </ClInclude>
    <ClInclude Include="proto-studio\gui_colors.h">
      <Filter>proto</Filter>
    </ClInclude>
    <ClInclude Include="proto-studio\gui_effect.h">
      <Filter>proto</Filter>
    </ClInclude>
    <ClInclude Include="proto-studio\pix_process.h">
      <Filter>proto</Filter>
    </ClInclude>
    <ClInclude Include="proto-studio\pix_sampling.h">
      <Filter>proto</Filter>
    </ClInclude>
    <ClInclude Include="proto-studio\app_ide_console.h">
      <Filter>proto</Filter>
    </ClInclude>
    <ClInclude Include="proto-studio\app_ide_editor.h">
      <Filter>proto</Filter>
    </ClInclude>
    <ClInclude Include="proto-studio\app_ide_flist.h">
      <Filter>proto</Filter>
    </ClInclude>
    <ClInclude Include="proto-studio\gui_widget_button.h">
      <Filter>proto</Filter>
    </ClInclude>
    <ClInclude Include="proto-studio\gui_widget_scroller.h">
      <Filter>proto</Filter>
    </ClInclude>
    <ClInclude Include="proto-studio\gui_widget_text.h">
      <Filter>proto</Filter>
    </ClInclude>
    <ClInclude Include="proto-studio\gui_widget_text_column.h">
      <Filter>proto</Filter>
    </ClInclude>
    <ClInclude Include="proto-studio\gui_widget_text_model.h">
      <Filter>proto</Filter>
    </ClInclude>
    <ClInclude Include="proto-studio\gui_widget_text_view.h">
      <Filter>proto</Filter>
    </ClInclude>
    <ClInclude Include="proto-studio\gui_widgetarium.h">
      <Filter>proto</Filter>
    </ClInclude>
    <ClInclude Include="proto-studio\doc.h">
      <Filter>proto</Filter>
    </ClInclude>
    <ClInclude Include="proto-studio\doc_html_lexica.h">
      <Filter>proto</Filter>
    </ClInclude>
    <ClInclude Include="proto-studio\doc_html_syntax.h">
      <Filter>proto</Filter>
    </ClInclude>
    <ClInclude Include="proto-studio\doc_text_lexica.h">
      <Filter>proto</Filter>
    </ClInclude>
    <ClInclude Include="proto-studio\aux_abc.h">
      <Filter>aux</Filter>
    </ClInclude>
    <ClInclude Include="proto-studio\aux_array.h">
      <Filter>aux</Filter>
    </ClInclude>
    <ClInclude Include="proto-studio\aux_string.h">
      <Filter>aux</Filter>
    </ClInclude>
    <ClInclude Include="proto-studio\aux_utils.h">
      <Filter>aux</Filter>
    </ClInclude>
    <ClInclude Include="proto-studio\data.h">
      <Filter>data</Filter>
    </ClInclude>
    <ClInclude Include="proto-studio\data_aux.h">
      <Filter>data</Filter>
    </ClInclude>
    <ClInclude Include="proto-studio\data_collections.h">
      <Filter>data</Filter>
    </ClInclude>
    <ClInclude Include="proto-studio\data_collections_array.h">
      <Filter>data</Filter>
    </ClInclude>
    <ClInclude Include="proto-studio\data_iterators.h">
      <Filter>data</Filter>
    </ClInclude>
    <ClInclude Include="proto-studio\data_ranges.h">
      <Filter>data</Filter>
    </ClInclude>
    <ClInclude Include="proto-studio\data_ranges_forward.h">
      <Filter>data</Filter>
    </ClInclude>
    <ClInclude Include="proto-studio\data_ranges_random.h">
      <Filter>data</Filter>
    </ClInclude>
    <ClInclude Include="proto-studio\data_text_string.h">
      <Filter>data</Filter>
    </ClInclude>
    <ClInclude Include="proto-studio\doc_text.h">
      <Filter>proto</Filter>
    </ClInclude>
    <ClInclude Include="proto-studio\gui_widget_image.h">
      <Filter>proto</Filter>
    </ClInclude>
    <ClInclude Include="proto-studio\app_ide_test.h">
      <Filter>proto</Filter>
    </ClInclude>
  </ItemGroup>
  <ItemGroup>
    <ClCompile Include="proto-studio\!main.cpp">
      <Filter>proto</Filter>
    </ClCompile>
  </ItemGroup>
</Project>