<?xml version="1.0" encoding="utf-8"?>
<Project ToolsVersion="4.0" xmlns="http://schemas.microsoft.com/developer/msbuild/2003">
  <ItemGroup>
    <Filter Include="app">
      <UniqueIdentifier>{85013704-7325-4295-a14e-dbaef100f960}</UniqueIdentifier>
    </Filter>
    <Filter Include="doc">
      <UniqueIdentifier>{1b08c17e-5616-4df6-87b2-2bffc92490e6}</UniqueIdentifier>
    </Filter>
  </ItemGroup>
  <ItemGroup>
    <ClInclude Include="proto-studio\doc_ae_lexica.h">
      <Filter>doc</Filter>
    </ClInclude>
    <ClInclude Include="proto-studio\doc_ae_model.h">
      <Filter>doc</Filter>
    </ClInclude>
    <ClInclude Include="proto-studio\doc_ae_syntax.h">
      <Filter>doc</Filter>
    </ClInclude>
    <ClInclude Include="proto-studio\doc_ae_syntax_parser.h">
      <Filter>doc</Filter>
    </ClInclude>
    <ClInclude Include="proto-studio\doc_ae_syntax_reader.h">
      <Filter>doc</Filter>
    </ClInclude>
    <ClInclude Include="proto-studio\doc_ae_syntax_schema.h">
      <Filter>doc</Filter>
    </ClInclude>
    <ClInclude Include="proto-studio\doc_ae_syntax_scopes.h">
      <Filter>doc</Filter>
    </ClInclude>
    <ClInclude Include="proto-studio\doc_ae_synthesis.h">
      <Filter>doc</Filter>
    </ClInclude>
    <ClInclude Include="proto-studio\doc_ae_translator.h">
      <Filter>doc</Filter>
    </ClInclude>
    <ClInclude Include="proto-studio\doc_ae_syntax_analysis.h">
      <Filter>doc</Filter>
    </ClInclude>
    <ClInclude Include="proto-studio\doc_ae_syntax_visitor.h">
      <Filter>doc</Filter>
    </ClInclude>
    <ClInclude Include="proto-studio\doc_ae_syntax_dependencies.h">
      <Filter>doc</Filter>
    </ClInclude>
    <ClInclude Include="proto-studio\app_ide.h">
      <Filter>app</Filter>
    </ClInclude>
    <ClInclude Include="proto-studio\app_ide_compiler.h">
      <Filter>app</Filter>
    </ClInclude>
    <ClInclude Include="proto-studio\app_ide_console.h">
      <Filter>app</Filter>
    </ClInclude>
    <ClInclude Include="proto-studio\app_ide_edflist.h">
      <Filter>app</Filter>
    </ClInclude>
    <ClInclude Include="proto-studio\app_ide_editor.h">
      <Filter>app</Filter>
    </ClInclude>
    <ClInclude Include="proto-studio\app_ide_flist.h">
      <Filter>app</Filter>
    </ClInclude>
    <ClInclude Include="proto-studio\doc_ae_syntax_expressions.h">
      <Filter>doc</Filter>
    </ClInclude>
    <ClInclude Include="proto-studio\doc_ae_syntax_typing.h">
      <Filter>doc</Filter>
    </ClInclude>
    <ClInclude Include="proto-studio\abc.h">
      <Filter>app</Filter>
    </ClInclude>
    <ClInclude Include="proto-studio\doc_ae_synthesis_in.h">
      <Filter>doc</Filter>
    </ClInclude>
    <ClInclude Include="proto-studio\doc_ae_synthesis_out.h">
      <Filter>doc</Filter>
    </ClInclude>
    <ClInclude Include="proto-studio\doc_ae_synthesis_out_aux.h">
      <Filter>doc</Filter>
    </ClInclude>
    <ClInclude Include="proto-studio\doc_ae_synthesis_out_out.h">
      <Filter>doc</Filter>
    </ClInclude>
    <ClInclude Include="proto-studio\doc_ae_synthesis_proc.h">
      <Filter>doc</Filter>
    </ClInclude>
    <ClInclude Include="proto-studio\doc_ae_synthesis_visitor.h">
      <Filter>doc</Filter>
    </ClInclude>
  </ItemGroup>
  <ItemGroup>
    <ClCompile Include="proto-studio\app.cpp">
      <Filter>app</Filter>
    </ClCompile>
  </ItemGroup>
</Project>