<?xml version="1.0" encoding="utf-8"?>
<Project ToolsVersion="4.0" xmlns="http://schemas.microsoft.com/developer/msbuild/2003">
  <ItemGroup>
    <ClInclude Include="..\..\_xpp\aux_array.h" />
    <ClInclude Include="..\..\_xpp\aux_string.h" />
    <ClInclude Include="..\..\_xpp\sys.h" />
    <ClInclude Include="..\..\_xpp\sys_windows.h" />
    <ClInclude Include="..\..\_xpp\ide_edit.h" />
    <ClInclude Include="..\..\_xpp\ide_edit_doc.h" />
    <ClInclude Include="..\..\_xpp\ide_flist.h" />
    <ClInclude Include="..\..\_xpp\pix.h" />
    <ClInclude Include="..\..\_xpp\pix_coord.h" />
    <ClInclude Include="..\..\_xpp\pix_image.h" />
    <ClInclude Include="..\..\_xpp\pix_typo_font.h" />
    <ClInclude Include="..\..\_xpp\pix_color.h" />
    <ClInclude Include="..\..\_xpp\doc.h" />
    <ClInclude Include="..\..\_xpp\doc_lexica.h" />
    <ClInclude Include="..\..\_xpp\doc_lexica_cpp.h" />
    <ClInclude Include="..\..\_xpp\doc_lexica_txt.h" />
    <ClInclude Include="..\..\_xpp\doc_lexica_xml.h" />
    <ClInclude Include="..\..\_xpp\doc_lexica_xpp.h" />
    <ClInclude Include="..\..\_xpp\ide_console.h" />
    <ClInclude Include="..\..\_xpp\ide_edit_line.h" />
    <ClInclude Include="..\..\_xpp\test.h" />
    <ClInclude Include="..\..\_xpp\test_fonts.h" />
    <ClInclude Include="..\..\_xpp\test_pix.h" />
    <ClInclude Include="..\..\_xpp\gui_widget.h" />
    <ClInclude Include="..\..\_xpp\gui_window.h" />
    <ClInclude Include="..\..\_xpp\gui_effect.h" />
    <ClInclude Include="..\..\_xpp\gui_widget_button.h" />
    <ClInclude Include="..\..\_xpp\gui_widget_text.h" />
    <ClInclude Include="..\..\_xpp\gui_widget_text_line.h" />
    <ClInclude Include="..\..\_xpp\gui_widget_image.h" />
    <ClInclude Include="..\..\_xpp\gui_widget_splitter.h" />
    <ClInclude Include="..\..\_xpp\pix_math.h" />
    <ClInclude Include="..\..\_xpp\gui_widget_canvas.h" />
    <ClInclude Include="..\..\_xpp\gui_layer.h" />
  </ItemGroup>
  <ItemGroup>
    <ClCompile Include="..\..\_xpp\sys_windows.cpp" />
    <ClCompile Include="..\..\_xpp\ide.cpp" />
    <ClCompile Include="..\..\_xpp\sys_fonts.cpp" />
  </ItemGroup>
</Project>