<?xml version="1.0" encoding="utf-8"?>
<Project ToolsVersion="4.0" xmlns="http://schemas.microsoft.com/developer/msbuild/2003">
  <ItemGroup>
    <ClInclude Include="..\..\_xpp\aux_array.h" />
    <ClInclude Include="..\..\_xpp\aux_string.h" />
    <ClInclude Include="..\..\_xpp\sys.h" />
    <ClInclude Include="..\..\_xpp\sys_windows.h" />
    <ClInclude Include="..\..\_xpp\doc_lexica.h">
      <Filter>doc</Filter>
    </ClInclude>
    <ClInclude Include="..\..\_xpp\doc.h">
      <Filter>doc</Filter>
    </ClInclude>
    <ClInclude Include="..\..\_xpp\doc_lexica_cpp.h">
      <Filter>doc</Filter>
    </ClInclude>
    <ClInclude Include="..\..\_xpp\doc_lexica_txt.h">
      <Filter>doc</Filter>
    </ClInclude>
    <ClInclude Include="..\..\_xpp\doc_lexica_xml.h">
      <Filter>doc</Filter>
    </ClInclude>
    <ClInclude Include="..\..\_xpp\doc_lexica_xpp.h">
      <Filter>doc</Filter>
    </ClInclude>
    <ClInclude Include="..\..\_xpp\pix.h">
      <Filter>pix</Filter>
    </ClInclude>
    <ClInclude Include="..\..\_xpp\pix_color.h">
      <Filter>pix</Filter>
    </ClInclude>
    <ClInclude Include="..\..\_xpp\pix_coord.h">
      <Filter>pix</Filter>
    </ClInclude>
    <ClInclude Include="..\..\_xpp\pix_image.h">
      <Filter>pix</Filter>
    </ClInclude>
    <ClInclude Include="..\..\_xpp\pix_math.h">
      <Filter>pix</Filter>
    </ClInclude>
    <ClInclude Include="..\..\_xpp\gui_effect.h">
      <Filter>gui</Filter>
    </ClInclude>
    <ClInclude Include="..\..\_xpp\gui_widget.h">
      <Filter>gui</Filter>
    </ClInclude>
    <ClInclude Include="..\..\_xpp\gui_widget_button.h">
      <Filter>gui</Filter>
    </ClInclude>
    <ClInclude Include="..\..\_xpp\gui_widget_canvas.h">
      <Filter>gui</Filter>
    </ClInclude>
    <ClInclude Include="..\..\_xpp\gui_widget_image.h">
      <Filter>gui</Filter>
    </ClInclude>
    <ClInclude Include="..\..\_xpp\gui_widget_splitter.h">
      <Filter>gui</Filter>
    </ClInclude>
    <ClInclude Include="..\..\_xpp\gui_widget_text.h">
      <Filter>gui</Filter>
    </ClInclude>
    <ClInclude Include="..\..\_xpp\gui_window.h">
      <Filter>gui</Filter>
    </ClInclude>
    <ClInclude Include="..\..\_xpp\aux_utils.h" />
    <ClInclude Include="..\..\_xpp\ide_console.h">
      <Filter>ide</Filter>
    </ClInclude>
    <ClInclude Include="..\..\_xpp\ide_edit.h">
      <Filter>ide</Filter>
    </ClInclude>
    <ClInclude Include="..\..\_xpp\ide_edit_doc.h">
      <Filter>ide</Filter>
    </ClInclude>
    <ClInclude Include="..\..\_xpp\ide_edit_line.h">
      <Filter>ide</Filter>
    </ClInclude>
    <ClInclude Include="..\..\_xpp\ide_flist.h">
      <Filter>ide</Filter>
    </ClInclude>
    <ClInclude Include="..\..\_xpp\gui_widget_layout.h">
      <Filter>gui</Filter>
    </ClInclude>
    <ClInclude Include="..\..\_xpp\test.h">
      <Filter>ide</Filter>
    </ClInclude>
    <ClInclude Include="..\..\_xpp\test_fonts.h">
      <Filter>ide</Filter>
    </ClInclude>
    <ClInclude Include="..\..\_xpp\test_pix.h">
      <Filter>ide</Filter>
    </ClInclude>
    <ClInclude Include="..\..\_xpp\gui_widget_scroll.h">
      <Filter>gui</Filter>
    </ClInclude>
    <ClInclude Include="..\..\_xpp\ide_common.h">
      <Filter>ide</Filter>
    </ClInclude>
    <ClInclude Include="..\..\_xpp\gui_colors.h">
      <Filter>gui</Filter>
    </ClInclude>
    <ClInclude Include="..\..\_xpp\gui_widgetarium.h">
      <Filter>gui</Filter>
    </ClInclude>
  </ItemGroup>
  <ItemGroup>
    <ClCompile Include="..\..\_xpp\sys_windows.cpp" />
    <ClCompile Include="..\..\_xpp\sys_fonts.cpp" />
    <ClCompile Include="..\..\_xpp\doc.cpp">
      <Filter>doc</Filter>
    </ClCompile>
    <ClCompile Include="..\..\_xpp\ide.cpp">
      <Filter>ide</Filter>
    </ClCompile>
  </ItemGroup>
  <ItemGroup>
    <Filter Include="doc">
      <UniqueIdentifier>{b3562287-82e3-44f3-b221-e41808b6679a}</UniqueIdentifier>
    </Filter>
    <Filter Include="pix">
      <UniqueIdentifier>{1cdf0b6d-9a94-4193-baa7-2d912591c30b}</UniqueIdentifier>
    </Filter>
    <Filter Include="gui">
      <UniqueIdentifier>{ee5e54af-2205-4d0b-a0c2-8ca54417fb86}</UniqueIdentifier>
    </Filter>
    <Filter Include="ide">
      <UniqueIdentifier>{81349e44-2520-43c8-a6d2-75e9944d43e7}</UniqueIdentifier>
    </Filter>
  </ItemGroup>
</Project>