<?xml version="1.0" encoding="utf-8"?>
<Project ToolsVersion="4.0" xmlns="http://schemas.microsoft.com/developer/msbuild/2003">
  <ItemGroup>
    <None Include="..\..\_dpp\dpp.dpp!" />
  </ItemGroup>
  <ItemGroup>
    <ClCompile Include="..\..\_dpp\dpp.cpp" />
    <ClCompile Include="..\..\_dpp\sys_windows.cpp" />
  </ItemGroup>
  <ItemGroup>
    <ClInclude Include="..\..\_dpp\sys_windows.h" />
    <ClInclude Include="..\..\_dpp\sys.h" />
  </ItemGroup>
</Project>